
Microsoft Visual Studio Solution File, Format Version 12.00
# Visual Studio Version 17
VisualStudioVersion = 17.14.37531.7
MinimumVisualStudioVersion = 10.0.40219.1
Project("{FAE04EC0-301F-11D3-BF4B-00C04F79EFBC}") = "Exercicios", "Exercicios.csproj", "{F1E079B7-97C6-4F0A-9CCE-B2A76C74C4CD}"
EndProject
Project("{FAE04EC0-301F-11D3-BF4B-00C04F79EFBC}") = "02", "..\02\02.csproj", "{28E86F88-A660-43A0-8502-463839838A13}"
EndProject
Project("{FAE04EC0-301F-11D3-BF4B-00C04F79EFBC}") = "03", "..\03\03.csproj", "{F49D1924-D367-4EA0-BD01-674DDF884277}"
EndProject
Project("{FAE04EC0-301F-11D3-BF4B-00C04F79EFBC}") = "04", "..\04\04.csproj", "{68E16230-7D11-4E7C-A430-84E9D4B5FFEB}"
EndProject
Project("{FAE04EC0-301F-11D3-BF4B-00C04F79EFBC}") = "05", "..\05\05.csproj", "{A919D271-2EB2-4898-BF32-11F73802A71F}"
EndProject
Project("{FAE04EC0-301F-11D3-BF4B-00C04F79EFBC}") = "06", "..\06\06.csproj", "{68A29124-F548-440B-ADB5-3CA857F6D55A}"
EndProject
Project("{FAE04EC0-301F-11D3-BF4B-00C04F79EFBC}") = "07", "..\07\07.csproj", "{C99D9A81-7236-4D93-8819-0E2290061C0D}"
EndProject
Project("{FAE04EC0-301F-11D3-BF4B-00C04F79EFBC}") = "08", "..\08\08.csproj", "{3061D53B-782B-4DC0-978B-EE6EF8D7AF5C}"
EndProject
Global
	GlobalSection(SolutionConfigurationPlatforms) = preSolution
		Debug|Any CPU = Debug|Any CPU
		Release|Any CPU = Release|Any CPU
	EndGlobalSection
	GlobalSection(ProjectConfigurationPlatforms) = postSolution
		{F1E079B7-97C6-4F0A-9CCE-B2A76C74C4CD}.Debug|Any CPU.ActiveCfg = Debug|Any CPU
		{F1E079B7-97C6-4F0A-9CCE-B2A76C74C4CD}.Debug|Any CPU.Build.0 = Debug|Any CPU
		{F1E079B7-97C6-4F0A-9CCE-B2A76C74C4CD}.Release|Any CPU.ActiveCfg = Release|Any CPU
		{F1E079B7-97C6-4F0A-9CCE-B2A76C74C4CD}.Release|Any CPU.Build.0 = Release|Any CPU
		{28E86F88-A660-43A0-8502-463839838A13}.Debug|Any CPU.ActiveCfg = Debug|Any CPU
		{28E86F88-A660-43A0-8502-463839838A13}.Debug|Any CPU.Build.0 = Debug|Any CPU
		{28E86F88-A660-43A0-8502-463839838A13}.Release|Any CPU.ActiveCfg = Release|Any CPU
		{28E86F88-A660-43A0-8502-463839838A13}.Release|Any CPU.Build.0 = Release|Any CPU
		{F49D1924-D367-4EA0-BD01-674DDF884277}.Debug|Any CPU.ActiveCfg = Debug|Any CPU
		{F49D1924-D367-4EA0-BD01-674DDF884277}.Debug|Any CPU.Build.0 = Debug|Any CPU
		{F49D1924-D367-4EA0-BD01-674DDF884277}.Release|Any CPU.ActiveCfg = Release|Any CPU
		{F49D1924-D367-4EA0-BD01-674DDF884277}.Release|Any CPU.Build.0 = Release|Any CPU
		{68E16230-7D11-4E7C-A430-84E9D4B5FFEB}.Debug|Any CPU.ActiveCfg = Debug|Any CPU
		{68E16230-7D11-4E7C-A430-84E9D4B5FFEB}.Debug|Any CPU.Build.0 = Debug|Any CPU
		{68E16230-7D11-4E7C-A430-84E9D4B5FFEB}.Release|Any CPU.ActiveCfg = Release|Any CPU
		{68E16230-7D11-4E7C-A430-84E9D4B5FFEB}.Release|Any CPU.Build.0 = Release|Any CPU
		{A919D271-2EB2-4898-BF32-11F73802A71F}.Debug|Any CPU.ActiveCfg = Debug|Any CPU
		{A919D271-2EB2-4898-BF32-11F73802A71F}.Debug|Any CPU.Build.0 = Debug|Any CPU
		{A919D271-2EB2-4898-BF32-11F73802A71F}.Release|Any CPU.ActiveCfg = Release|Any CPU
		{A919D271-2EB2-4898-BF32-11F73802A71F}.Release|Any CPU.Build.0 = Release|Any CPU
		{68A29124-F548-440B-ADB5-3CA857F6D55A}.Debug|Any CPU.ActiveCfg = Debug|Any CPU
		{68A29124-F548-440B-ADB5-3CA857F6D55A}.Debug|Any CPU.Build.0 = Debug|Any CPU
		{68A29124-F548-440B-ADB5-3CA857F6D55A}.Release|Any CPU.ActiveCfg = Release|Any CPU
		{68A29124-F548-440B-ADB5-3CA857F6D55A}.Release|Any CPU.Build.0 = Release|Any CPU
		{C99D9A81-7236-4D93-8819-0E2290061C0D}.Debug|Any CPU.ActiveCfg = Debug|Any CPU
		{C99D9A81-7236-4D93-8819-0E2290061C0D}.Debug|Any CPU.Build.0 = Debug|Any CPU
		{C99D9A81-7236-4D93-8819-0E2290061C0D}.Release|Any CPU.ActiveCfg = Release|Any CPU
		{C99D9A81-7236-4D93-8819-0E2290061C0D}.Release|Any CPU.Build.0 = Release|Any CPU
		{3061D53B-782B-4DC0-978B-EE6EF8D7AF5C}.Debug|Any CPU.ActiveCfg = Debug|Any CPU
		{3061D53B-782B-4DC0-978B-EE6EF8D7AF5C}.Debug|Any CPU.Build.0 = Debug|Any CPU
		{3061D53B-782B-4DC0-978B-EE6EF8D7AF5C}.Release|Any CPU.ActiveCfg = Release|Any CPU
		{3061D53B-782B-4DC0-978B-EE6EF8D7AF5C}.Release|Any CPU.Build.0 = Release|Any CPU
	EndGlobalSection
	GlobalSection(SolutionProperties) = preSolution
		HideSolutionNode = FALSE
	EndGlobalSection
	GlobalSection(ExtensibilityGlobals) = postSolution
		SolutionGuid = {9D22BF54-AB22-48A4-ABB1-3A1231889E0C}
	EndGlobalSection
EndGlobal
